// !$*UTF8*$!
{
	archiveVersion = 1;
	classes = {
	};
	objectVersion = 46;
	objects = {

/* Begin PBXBuildFile section */
		603187141D7849D100AA904E /* CategoryColor.swift in Sources */ = {isa = PBXBuildFile; fileRef = 603187131D7849D100AA904E /* CategoryColor.swift */; };
		606829771D8284C6007AD572 /* ColorSelectController.swift in Sources */ = {isa = PBXBuildFile; fileRef = 606829761D8284C6007AD572 /* ColorSelectController.swift */; };
		606DF4131D7B19E60050757B /* RadiusSelectController.swift in Sources */ = {isa = PBXBuildFile; fileRef = 606DF4121D7B19E60050757B /* RadiusSelectController.swift */; };
		606DF4151D7BC29F0050757B /* RadiusTableViewCell.swift in Sources */ = {isa = PBXBuildFile; fileRef = 606DF4141D7BC29F0050757B /* RadiusTableViewCell.swift */; };
		606DF4381D7BE4400050757B /* ReminderListController.swift in Sources */ = {isa = PBXBuildFile; fileRef = 606DF4371D7BE4400050757B /* ReminderListController.swift */; };
		606DF43A1D7BF0710050757B /* ReminderDetailController.swift in Sources */ = {isa = PBXBuildFile; fileRef = 606DF4391D7BF0710050757B /* ReminderDetailController.swift */; };
		607BCC961D7FFD9900AA7985 /* CategoryAnnotation.swift in Sources */ = {isa = PBXBuildFile; fileRef = 607BCC951D7FFD9900AA7985 /* CategoryAnnotation.swift */; };
		60B423991D7EE39900014D74 /* CategoryMapAnnotationController.swift in Sources */ = {isa = PBXBuildFile; fileRef = 60B423981D7EE39900014D74 /* CategoryMapAnnotationController.swift */; };
		60C566E51D83CA77007B07BD /* clayton.gpx in Resources */ = {isa = PBXBuildFile; fileRef = 60C566E41D83CA77007B07BD /* clayton.gpx */; };
		60D927B31D76801B00DEC6ED /* Category+CoreDataProperties.swift in Sources */ = {isa = PBXBuildFile; fileRef = 60D927AF1D76801B00DEC6ED /* Category+CoreDataProperties.swift */; };
		60D927B41D76801B00DEC6ED /* Category.swift in Sources */ = {isa = PBXBuildFile; fileRef = 60D927B01D76801B00DEC6ED /* Category.swift */; };
		60D927B51D76801B00DEC6ED /* Reminder+CoreDataProperties.swift in Sources */ = {isa = PBXBuildFile; fileRef = 60D927B11D76801B00DEC6ED /* Reminder+CoreDataProperties.swift */; };
		60D927B61D76801B00DEC6ED /* Reminder.swift in Sources */ = {isa = PBXBuildFile; fileRef = 60D927B21D76801B00DEC6ED /* Reminder.swift */; };
		60F94F0E1D799DD80091DEB7 /* CategoryDetailController.swift in Sources */ = {isa = PBXBuildFile; fileRef = 60F94F0D1D799DD80091DEB7 /* CategoryDetailController.swift */; };
		60F94F101D79AAA30091DEB7 /* TextinputTableViewCell.swift in Sources */ = {isa = PBXBuildFile; fileRef = 60F94F0F1D79AAA30091DEB7 /* TextinputTableViewCell.swift */; };
		60F94F121D79B6480091DEB7 /* LocationTableViewCell.swift in Sources */ = {isa = PBXBuildFile; fileRef = 60F94F111D79B6480091DEB7 /* LocationTableViewCell.swift */; };
		60F94F141D79C76A0091DEB7 /* ToggleTableViewCell.swift in Sources */ = {isa = PBXBuildFile; fileRef = 60F94F131D79C76A0091DEB7 /* ToggleTableViewCell.swift */; };
		60F94F161D79C79D0091DEB7 /* SegementTableViewCell.swift in Sources */ = {isa = PBXBuildFile; fileRef = 60F94F151D79C79D0091DEB7 /* SegementTableViewCell.swift */; };
		60F94F181D79D2540091DEB7 /* CategoryMapController.swift in Sources */ = {isa = PBXBuildFile; fileRef = 60F94F171D79D2540091DEB7 /* CategoryMapController.swift */; };
		60FCC6311D752F9600B8DD39 /* AppDelegate.swift in Sources */ = {isa = PBXBuildFile; fileRef = 60FCC6301D752F9600B8DD39 /* AppDelegate.swift */; };
		60FCC6361D752F9600B8DD39 /* Main.storyboard in Resources */ = {isa = PBXBuildFile; fileRef = 60FCC6341D752F9600B8DD39 /* Main.storyboard */; };
		60FCC6391D752F9600B8DD39 /* iosReminder.xcdatamodeld in Sources */ = {isa = PBXBuildFile; fileRef = 60FCC6371D752F9600B8DD39 /* iosReminder.xcdatamodeld */; };
		60FCC63B1D752F9600B8DD39 /* Assets.xcassets in Resources */ = {isa = PBXBuildFile; fileRef = 60FCC63A1D752F9600B8DD39 /* Assets.xcassets */; };
		60FCC63E1D752F9600B8DD39 /* LaunchScreen.storyboard in Resources */ = {isa = PBXBuildFile; fileRef = 60FCC63C1D752F9600B8DD39 /* LaunchScreen.storyboard */; };
		60FCC64B1D75B64700B8DD39 /* CategoryTableViewCell.swift in Sources */ = {isa = PBXBuildFile; fileRef = 60FCC64A1D75B64700B8DD39 /* CategoryTableViewCell.swift */; };
		60FCC64D1D75BE6F00B8DD39 /* CategoryViewController.swift in Sources */ = {isa = PBXBuildFile; fileRef = 60FCC64C1D75BE6F00B8DD39 /* CategoryViewController.swift */; };
/* End PBXBuildFile section */

/* Begin PBXFileReference section */
		603187131D7849D100AA904E /* CategoryColor.swift */ = {isa = PBXFileReference; fileEncoding = 4; lastKnownFileType = sourcecode.swift; path = CategoryColor.swift; sourceTree = "<group>"; };
		606829761D8284C6007AD572 /* ColorSelectController.swift */ = {isa = PBXFileReference; fileEncoding = 4; lastKnownFileType = sourcecode.swift; path = ColorSelectController.swift; sourceTree = "<group>"; };
		606DF4121D7B19E60050757B /* RadiusSelectController.swift */ = {isa = PBXFileReference; fileEncoding = 4; lastKnownFileType = sourcecode.swift; path = RadiusSelectController.swift; sourceTree = "<group>"; };
		606DF4141D7BC29F0050757B /* RadiusTableViewCell.swift */ = {isa = PBXFileReference; fileEncoding = 4; lastKnownFileType = sourcecode.swift; path = RadiusTableViewCell.swift; sourceTree = "<group>"; };
		606DF4371D7BE4400050757B /* ReminderListController.swift */ = {isa = PBXFileReference; fileEncoding = 4; lastKnownFileType = sourcecode.swift; path = ReminderListController.swift; sourceTree = "<group>"; };
		606DF4391D7BF0710050757B /* ReminderDetailController.swift */ = {isa = PBXFileReference; fileEncoding = 4; lastKnownFileType = sourcecode.swift; path = ReminderDetailController.swift; sourceTree = "<group>"; };
		607BCC951D7FFD9900AA7985 /* CategoryAnnotation.swift */ = {isa = PBXFileReference; fileEncoding = 4; lastKnownFileType = sourcecode.swift; path = CategoryAnnotation.swift; sourceTree = "<group>"; };
		60B423981D7EE39900014D74 /* CategoryMapAnnotationController.swift */ = {isa = PBXFileReference; fileEncoding = 4; lastKnownFileType = sourcecode.swift; path = CategoryMapAnnotationController.swift; sourceTree = "<group>"; };
		60C566E41D83CA77007B07BD /* clayton.gpx */ = {isa = PBXFileReference; fileEncoding = 4; lastKnownFileType = text; name = clayton.gpx; path = ../../../Desktop/clayton.gpx; sourceTree = "<group>"; };
		60D927AF1D76801B00DEC6ED /* Category+CoreDataProperties.swift */ = {isa = PBXFileReference; fileEncoding = 4; lastKnownFileType = sourcecode.swift; path = "Category+CoreDataProperties.swift"; sourceTree = "<group>"; };
		60D927B01D76801B00DEC6ED /* Category.swift */ = {isa = PBXFileReference; fileEncoding = 4; lastKnownFileType = sourcecode.swift; path = Category.swift; sourceTree = "<group>"; };
		60D927B11D76801B00DEC6ED /* Reminder+CoreDataProperties.swift */ = {isa = PBXFileReference; fileEncoding = 4; lastKnownFileType = sourcecode.swift; path = "Reminder+CoreDataProperties.swift"; sourceTree = "<group>"; };
		60D927B21D76801B00DEC6ED /* Reminder.swift */ = {isa = PBXFileReference; fileEncoding = 4; lastKnownFileType = sourcecode.swift; path = Reminder.swift; sourceTree = "<group>"; };
		60F94F0D1D799DD80091DEB7 /* CategoryDetailController.swift */ = {isa = PBXFileReference; fileEncoding = 4; lastKnownFileType = sourcecode.swift; path = CategoryDetailController.swift; sourceTree = "<group>"; };
		60F94F0F1D79AAA30091DEB7 /* TextinputTableViewCell.swift */ = {isa = PBXFileReference; fileEncoding = 4; lastKnownFileType = sourcecode.swift; path = TextinputTableViewCell.swift; sourceTree = "<group>"; };
		60F94F111D79B6480091DEB7 /* LocationTableViewCell.swift */ = {isa = PBXFileReference; fileEncoding = 4; lastKnownFileType = sourcecode.swift; path = LocationTableViewCell.swift; sourceTree = "<group>"; };
		60F94F131D79C76A0091DEB7 /* ToggleTableViewCell.swift */ = {isa = PBXFileReference; fileEncoding = 4; lastKnownFileType = sourcecode.swift; path = ToggleTableViewCell.swift; sourceTree = "<group>"; };
		60F94F151D79C79D0091DEB7 /* SegementTableViewCell.swift */ = {isa = PBXFileReference; fileEncoding = 4; lastKnownFileType = sourcecode.swift; path = SegementTableViewCell.swift; sourceTree = "<group>"; };
		60F94F171D79D2540091DEB7 /* CategoryMapController.swift */ = {isa = PBXFileReference; fileEncoding = 4; lastKnownFileType = sourcecode.swift; path = CategoryMapController.swift; sourceTree = "<group>"; };
		60FCC62D1D752F9600B8DD39 /* iosReminder.app */ = {isa = PBXFileReference; explicitFileType = wrapper.application; includeInIndex = 0; path = iosReminder.app; sourceTree = BUILT_PRODUCTS_DIR; };
		60FCC6301D752F9600B8DD39 /* AppDelegate.swift */ = {isa = PBXFileReference; lastKnownFileType = sourcecode.swift; path = AppDelegate.swift; sourceTree = "<group>"; };
		60FCC6351D752F9600B8DD39 /* Base */ = {isa = PBXFileReference; lastKnownFileType = file.storyboard; name = Base; path = Base.lproj/Main.storyboard; sourceTree = "<group>"; };
		60FCC6381D752F9600B8DD39 /* iosReminder.xcdatamodel */ = {isa = PBXFileReference; lastKnownFileType = wrapper.xcdatamodel; path = iosReminder.xcdatamodel; sourceTree = "<group>"; };
		60FCC63A1D752F9600B8DD39 /* Assets.xcassets */ = {isa = PBXFileReference; lastKnownFileType = folder.assetcatalog; path = Assets.xcassets; sourceTree = "<group>"; };
		60FCC63D1D752F9600B8DD39 /* Base */ = {isa = PBXFileReference; lastKnownFileType = file.storyboard; name = Base; path = Base.lproj/LaunchScreen.storyboard; sourceTree = "<group>"; };
		60FCC63F1D752F9600B8DD39 /* Info.plist */ = {isa = PBXFileReference; lastKnownFileType = text.plist.xml; path = Info.plist; sourceTree = "<group>"; };
		60FCC64A1D75B64700B8DD39 /* CategoryTableViewCell.swift */ = {isa = PBXFileReference; fileEncoding = 4; lastKnownFileType = sourcecode.swift; path = CategoryTableViewCell.swift; sourceTree = "<group>"; };
		60FCC64C1D75BE6F00B8DD39 /* CategoryViewController.swift */ = {isa = PBXFileReference; fileEncoding = 4; lastKnownFileType = sourcecode.swift; path = CategoryViewController.swift; sourceTree = "<group>"; };
/* End PBXFileReference section */

/* Begin PBXFrameworksBuildPhase section */
		60FCC62A1D752F9600B8DD39 /* Frameworks */ = {
			isa = PBXFrameworksBuildPhase;
			buildActionMask = 2147483647;
			files = (
			);
			runOnlyForDeploymentPostprocessing = 0;
		};
/* End PBXFrameworksBuildPhase section */

/* Begin PBXGroup section */
		60FCC6241D752F9500B8DD39 = {
			isa = PBXGroup;
			children = (
				60C566E41D83CA77007B07BD /* clayton.gpx */,
				60FCC62F1D752F9600B8DD39 /* iosReminder */,
				60FCC62E1D752F9600B8DD39 /* Products */,
			);
			sourceTree = "<group>";
		};
		60FCC62E1D752F9600B8DD39 /* Products */ = {
			isa = PBXGroup;
			children = (
				60FCC62D1D752F9600B8DD39 /* iosReminder.app */,
			);
			name = Products;
			sourceTree = "<group>";
		};
		60FCC62F1D752F9600B8DD39 /* iosReminder */ = {
			isa = PBXGroup;
			children = (
				60FCC6451D75B3BA00B8DD39 /* ViewControllers */,
				60FCC6461D75B3CB00B8DD39 /* CoreDataModels */,
				60FCC6491D75B5D700B8DD39 /* TableViewCells */,
				60FCC6301D752F9600B8DD39 /* AppDelegate.swift */,
				607BCC951D7FFD9900AA7985 /* CategoryAnnotation.swift */,
				60FCC6341D752F9600B8DD39 /* Main.storyboard */,
				60FCC63A1D752F9600B8DD39 /* Assets.xcassets */,
				60FCC63C1D752F9600B8DD39 /* LaunchScreen.storyboard */,
				60FCC63F1D752F9600B8DD39 /* Info.plist */,
				60FCC6371D752F9600B8DD39 /* iosReminder.xcdatamodeld */,
			);
			path = iosReminder;
			sourceTree = "<group>";
		};
		60FCC6451D75B3BA00B8DD39 /* ViewControllers */ = {
			isa = PBXGroup;
			children = (
				60FCC64C1D75BE6F00B8DD39 /* CategoryViewController.swift */,
				60F94F0D1D799DD80091DEB7 /* CategoryDetailController.swift */,
				60F94F171D79D2540091DEB7 /* CategoryMapController.swift */,
				606DF4371D7BE4400050757B /* ReminderListController.swift */,
				606DF4391D7BF0710050757B /* ReminderDetailController.swift */,
				60B423981D7EE39900014D74 /* CategoryMapAnnotationController.swift */,
				606DF4121D7B19E60050757B /* RadiusSelectController.swift */,
				606829761D8284C6007AD572 /* ColorSelectController.swift */,
			);
			name = ViewControllers;
			sourceTree = "<group>";
		};
		60FCC6461D75B3CB00B8DD39 /* CoreDataModels */ = {
			isa = PBXGroup;
			children = (
				60D927AF1D76801B00DEC6ED /* Category+CoreDataProperties.swift */,
				60D927B01D76801B00DEC6ED /* Category.swift */,
				60D927B11D76801B00DEC6ED /* Reminder+CoreDataProperties.swift */,
				60D927B21D76801B00DEC6ED /* Reminder.swift */,
				603187131D7849D100AA904E /* CategoryColor.swift */,
			);
			name = CoreDataModels;
			sourceTree = "<group>";
		};
		60FCC6491D75B5D700B8DD39 /* TableViewCells */ = {
			isa = PBXGroup;
			children = (
				60FCC64A1D75B64700B8DD39 /* CategoryTableViewCell.swift */,
				60F94F0F1D79AAA30091DEB7 /* TextinputTableViewCell.swift */,
				60F94F111D79B6480091DEB7 /* LocationTableViewCell.swift */,
				60F94F131D79C76A0091DEB7 /* ToggleTableViewCell.swift */,
				60F94F151D79C79D0091DEB7 /* SegementTableViewCell.swift */,
				606DF4141D7BC29F0050757B /* RadiusTableViewCell.swift */,
			);
			name = TableViewCells;
			sourceTree = "<group>";
		};
/* End PBXGroup section */

/* Begin PBXNativeTarget section */
		60FCC62C1D752F9600B8DD39 /* iosReminder */ = {
			isa = PBXNativeTarget;
			buildConfigurationList = 60FCC6421D752F9600B8DD39 /* Build configuration list for PBXNativeTarget "iosReminder" */;
			buildPhases = (
				60FCC6291D752F9600B8DD39 /* Sources */,
				60FCC62A1D752F9600B8DD39 /* Frameworks */,
				60FCC62B1D752F9600B8DD39 /* Resources */,
			);
			buildRules = (
			);
			dependencies = (
			);
			name = iosReminder;
			productName = iosReminder;
			productReference = 60FCC62D1D752F9600B8DD39 /* iosReminder.app */;
			productType = "com.apple.product-type.application";
		};
/* End PBXNativeTarget section */

/* Begin PBXProject section */
		60FCC6251D752F9500B8DD39 /* Project object */ = {
			isa = PBXProject;
			attributes = {
				LastSwiftUpdateCheck = 0730;
				LastUpgradeCheck = 0730;
				ORGANIZATIONNAME = FIT5140;
				TargetAttributes = {
					60FCC62C1D752F9600B8DD39 = {
						CreatedOnToolsVersion = 7.3.1;
						DevelopmentTeam = ET8N4EUMNC;
					};
				};
			};
			buildConfigurationList = 60FCC6281D752F9500B8DD39 /* Build configuration list for PBXProject "iosReminder" */;
			compatibilityVersion = "Xcode 3.2";
			developmentRegion = English;
			hasScannedForEncodings = 0;
			knownRegions = (
				en,
				Base,
			);
			mainGroup = 60FCC6241D752F9500B8DD39;
			productRefGroup = 60FCC62E1D752F9600B8DD39 /* Products */;
			projectDirPath = "";
			projectRoot = "";
			targets = (
				60FCC62C1D752F9600B8DD39 /* iosReminder */,
			);
		};
/* End PBXProject section */

/* Begin PBXResourcesBuildPhase section */
		60FCC62B1D752F9600B8DD39 /* Resources */ = {
			isa = PBXResourcesBuildPhase;
			buildActionMask = 2147483647;
			files = (
				60FCC63E1D752F9600B8DD39 /* LaunchScreen.storyboard in Resources */,
				60FCC63B1D752F9600B8DD39 /* Assets.xcassets in Resources */,
				60C566E51D83CA77007B07BD /* clayton.gpx in Resources */,
				60FCC6361D752F9600B8DD39 /* Main.storyboard in Resources */,
			);
			runOnlyForDeploymentPostprocessing = 0;
		};
/* End PBXResourcesBuildPhase section */

/* Begin PBXSourcesBuildPhase section */
		60FCC6291D752F9600B8DD39 /* Sources */ = {
			isa = PBXSourcesBuildPhase;
			buildActionMask = 2147483647;
			files = (
				606DF4131D7B19E60050757B /* RadiusSelectController.swift in Sources */,
				606DF4381D7BE4400050757B /* ReminderListController.swift in Sources */,
				60F94F0E1D799DD80091DEB7 /* CategoryDetailController.swift in Sources */,
				60F94F161D79C79D0091DEB7 /* SegementTableViewCell.swift in Sources */,
				606DF4151D7BC29F0050757B /* RadiusTableViewCell.swift in Sources */,
				606DF43A1D7BF0710050757B /* ReminderDetailController.swift in Sources */,
				60D927B31D76801B00DEC6ED /* Category+CoreDataProperties.swift in Sources */,
				60FCC64B1D75B64700B8DD39 /* CategoryTableViewCell.swift in Sources */,
				60F94F141D79C76A0091DEB7 /* ToggleTableViewCell.swift in Sources */,
				60FCC6311D752F9600B8DD39 /* AppDelegate.swift in Sources */,
				60FCC64D1D75BE6F00B8DD39 /* CategoryViewController.swift in Sources */,
				60B423991D7EE39900014D74 /* CategoryMapAnnotationController.swift in Sources */,
				603187141D7849D100AA904E /* CategoryColor.swift in Sources */,
				60F94F121D79B6480091DEB7 /* LocationTableViewCell.swift in Sources */,
				60F94F101D79AAA30091DEB7 /* TextinputTableViewCell.swift in Sources */,
				606829771D8284C6007AD572 /* ColorSelectController.swift in Sources */,
				60FCC6391D752F9600B8DD39 /* iosReminder.xcdatamodeld in Sources */,
				60D927B41D76801B00DEC6ED /* Category.swift in Sources */,
				60F94F181D79D2540091DEB7 /* CategoryMapController.swift in Sources */,
				60D927B51D76801B00DEC6ED /* Reminder+CoreDataProperties.swift in Sources */,
				60D927B61D76801B00DEC6ED /* Reminder.swift in Sources */,
				607BCC961D7FFD9900AA7985 /* CategoryAnnotation.swift in Sources */,
			);
			runOnlyForDeploymentPostprocessing = 0;
		};
/* End PBXSourcesBuildPhase section */

/* Begin PBXVariantGroup section */
		60FCC6341D752F9600B8DD39 /* Main.storyboard */ = {
			isa = PBXVariantGroup;
			children = (
				60FCC6351D752F9600B8DD39 /* Base */,
			);
			name = Main.storyboard;
			sourceTree = "<group>";
		};
		60FCC63C1D752F9600B8DD39 /* LaunchScreen.storyboard */ = {
			isa = PBXVariantGroup;
			children = (
				60FCC63D1D752F9600B8DD39 /* Base */,
			);
			name = LaunchScreen.storyboard;
			sourceTree = "<group>";
		};
/* End PBXVariantGroup section */

/* Begin XCBuildConfiguration section */
		60FCC6401D752F9600B8DD39 /* Debug */ = {
			isa = XCBuildConfiguration;
			buildSettings = {
				ALWAYS_SEARCH_USER_PATHS = NO;
				CLANG_ANALYZER_NONNULL = YES;
				CLANG_CXX_LANGUAGE_STANDARD = "gnu++0x";
				CLANG_CXX_LIBRARY = "libc++";
				CLANG_ENABLE_MODULES = YES;
				CLANG_ENABLE_OBJC_ARC = YES;
				CLANG_WARN_BOOL_CONVERSION = YES;
				CLANG_WARN_CONSTANT_CONVERSION = YES;
				CLANG_WARN_DIRECT_OBJC_ISA_USAGE = YES_ERROR;
				CLANG_WARN_EMPTY_BODY = YES;
				CLANG_WARN_ENUM_CONVERSION = YES;
				CLANG_WARN_INT_CONVERSION = YES;
				CLANG_WARN_OBJC_ROOT_CLASS = YES_ERROR;
				CLANG_WARN_UNREACHABLE_CODE = YES;
				CLANG_WARN__DUPLICATE_METHOD_MATCH = YES;
				"CODE_SIGN_IDENTITY[sdk=iphoneos*]" = "iPhone Developer";
				COPY_PHASE_STRIP = NO;
				DEBUG_INFORMATION_FORMAT = dwarf;
				ENABLE_STRICT_OBJC_MSGSEND = YES;
				ENABLE_TESTABILITY = YES;
				GCC_C_LANGUAGE_STANDARD = gnu99;
				GCC_DYNAMIC_NO_PIC = NO;
				GCC_NO_COMMON_BLOCKS = YES;
				GCC_OPTIMIZATION_LEVEL = 0;
				GCC_PREPROCESSOR_DEFINITIONS = (
					"DEBUG=1",
					"$(inherited)",
				);
				GCC_WARN_64_TO_32_BIT_CONVERSION = YES;
				GCC_WARN_ABOUT_RETURN_TYPE = YES_ERROR;
				GCC_WARN_UNDECLARED_SELECTOR = YES;
				GCC_WARN_UNINITIALIZED_AUTOS = YES_AGGRESSIVE;
				GCC_WARN_UNUSED_FUNCTION = YES;
				GCC_WARN_UNUSED_VARIABLE = YES;
				IPHONEOS_DEPLOYMENT_TARGET = 9.3;
				MTL_ENABLE_DEBUG_INFO = YES;
				ONLY_ACTIVE_ARCH = YES;
				SDKROOT = iphoneos;
				SWIFT_OPTIMIZATION_LEVEL = "-Onone";
				TARGETED_DEVICE_FAMILY = "1,2";
			};
			name = Debug;
		};
		60FCC6411D752F9600B8DD39 /* Release */ = {
			isa = XCBuildConfiguration;
			buildSettings = {
				ALWAYS_SEARCH_USER_PATHS = NO;
				CLANG_ANALYZER_NONNULL = YES;
				CLANG_CXX_LANGUAGE_STANDARD = "gnu++0x";
				CLANG_CXX_LIBRARY = "libc++";
				CLANG_ENABLE_MODULES = YES;
				CLANG_ENABLE_OBJC_ARC = YES;
				CLANG_WARN_BOOL_CONVERSION = YES;
				CLANG_WARN_CONSTANT_CONVERSION = YES;
				CLANG_WARN_DIRECT_OBJC_ISA_USAGE = YES_ERROR;
				CLANG_WARN_EMPTY_BODY = YES;
				CLANG_WARN_ENUM_CONVERSION = YES;
				CLANG_WARN_INT_CONVERSION = YES;
				CLANG_WARN_OBJC_ROOT_CLASS = YES_ERROR;
				CLANG_WARN_UNREACHABLE_CODE = YES;
				CLANG_WARN__DUPLICATE_METHOD_MATCH = YES;
				"CODE_SIGN_IDENTITY[sdk=iphoneos*]" = "iPhone Developer";
				COPY_PHASE_STRIP = NO;
				DEBUG_INFORMATION_FORMAT = "dwarf-with-dsym";
				ENABLE_NS_ASSERTIONS = NO;
				ENABLE_STRICT_OBJC_MSGSEND = YES;
				GCC_C_LANGUAGE_STANDARD = gnu99;
				GCC_NO_COMMON_BLOCKS = YES;
				GCC_WARN_64_TO_32_BIT_CONVERSION = YES;
				GCC_WARN_ABOUT_RETURN_TYPE = YES_ERROR;
				GCC_WARN_UNDECLARED_SELECTOR = YES;
				GCC_WARN_UNINITIALIZED_AUTOS = YES_AGGRESSIVE;
				GCC_WARN_UNUSED_FUNCTION = YES;
				GCC_WARN_UNUSED_VARIABLE = YES;
				IPHONEOS_DEPLOYMENT_TARGET = 9.3;
				MTL_ENABLE_DEBUG_INFO = NO;
				SDKROOT = iphoneos;
				TARGETED_DEVICE_FAMILY = "1,2";
				VALIDATE_PRODUCT = YES;
			};
			name = Release;
		};
		60FCC6431D752F9600B8DD39 /* Debug */ = {
			isa = XCBuildConfiguration;
			buildSettings = {
				ASSETCATALOG_COMPILER_APPICON_NAME = AppIcon;
				CODE_SIGN_IDENTITY = "iPhone Developer";
				"CODE_SIGN_IDENTITY[sdk=iphoneos*]" = "iPhone Developer";
				INFOPLIST_FILE = iosReminder/Info.plist;
				LD_RUNPATH_SEARCH_PATHS = "$(inherited) @executable_path/Frameworks";
				PRODUCT_BUNDLE_IDENTIFIER = com.FIT5140.iosReminder;
				PRODUCT_NAME = "$(TARGET_NAME)";
				PROVISIONING_PROFILE = "";
			};
			name = Debug;
		};
		60FCC6441D752F9600B8DD39 /* Release */ = {
			isa = XCBuildConfiguration;
			buildSettings = {
				ASSETCATALOG_COMPILER_APPICON_NAME = AppIcon;
				CODE_SIGN_IDENTITY = "iPhone Developer";
				"CODE_SIGN_IDENTITY[sdk=iphoneos*]" = "iPhone Developer";
				INFOPLIST_FILE = iosReminder/Info.plist;
				LD_RUNPATH_SEARCH_PATHS = "$(inherited) @executable_path/Frameworks";
				PRODUCT_BUNDLE_IDENTIFIER = com.FIT5140.iosReminder;
				PRODUCT_NAME = "$(TARGET_NAME)";
				PROVISIONING_PROFILE = "";
			};
			name = Release;
		};
/* End XCBuildConfiguration section */

/* Begin XCConfigurationList section */
		60FCC6281D752F9500B8DD39 /* Build configuration list for PBXProject "iosReminder" */ = {
			isa = XCConfigurationList;
			buildConfigurations = (
				60FCC6401D752F9600B8DD39 /* Debug */,
				60FCC6411D752F9600B8DD39 /* Release */,
			);
			defaultConfigurationIsVisible = 0;
			defaultConfigurationName = Release;
		};
		60FCC6421D752F9600B8DD39 /* Build configuration list for PBXNativeTarget "iosReminder" */ = {
			isa = XCConfigurationList;
			buildConfigurations = (
				60FCC6431D752F9600B8DD39 /* Debug */,
				60FCC6441D752F9600B8DD39 /* Release */,
			);
			defaultConfigurationIsVisible = 0;
			defaultConfigurationName = Release;
		};
/* End XCConfigurationList section */

/* Begin XCVersionGroup section */
		60FCC6371D752F9600B8DD39 /* iosReminder.xcdatamodeld */ = {
			isa = XCVersionGroup;
			children = (
				60FCC6381D752F9600B8DD39 /* iosReminder.xcdatamodel */,
			);
			currentVersion = 60FCC6381D752F9600B8DD39 /* iosReminder.xcdatamodel */;
			path = iosReminder.xcdatamodeld;
			sourceTree = "<group>";
			versionGroupType = wrapper.xcdatamodel;
		};
/* End XCVersionGroup section */
	};
	rootObject = 60FCC6251D752F9500B8DD39 /* Project object */;
}
